PODS:
  - FloatingPanel (1.6.5)
  - LicensePlist (2.5.8)
  - Realm (3.18.0):
    - Realm/Headers (= 3.18.0)
  - Realm/Headers (3.18.0)
  - RealmSwift (3.18.0):
    - Realm (= 3.18.0)
  - SwiftLint (0.35.0)

DEPENDENCIES:
  - FloatingPanel
  - LicensePlist
  - Realm (from `https://github.com/realm/realm-cocoa.git`, branch `master`)
  - RealmSwift (from `https://github.com/realm/realm-cocoa.git`, branch `master`)
  - SwiftLint

SPEC REPOS:
  https://github.com/cocoapods/specs.git:
    - FloatingPanel
    - LicensePlist
    - SwiftLint

EXTERNAL SOURCES:
  Realm:
    :branch: master
    :git: https://github.com/realm/realm-cocoa.git
    :submodules: true
  RealmSwift:
    :branch: master
    :git: https://github.com/realm/realm-cocoa.git
    :submodules: true

CHECKOUT OPTIONS:
  Realm:
    :commit: 9717050cbeb6f6dcbbb008947d5200849fd6bed8
    :git: https://github.com/realm/realm-cocoa.git
    :submodules: true
  RealmSwift:
    :commit: 9717050cbeb6f6dcbbb008947d5200849fd6bed8
    :git: https://github.com/realm/realm-cocoa.git
    :submodules: true

SPEC CHECKSUMS:
  FloatingPanel: f4a89a848e21415e2e2697ee8f61847178445aa7
  LicensePlist: 3ad60988ec640a2aeae74cdd2e6d01531c03b7cd
  Realm: 7b3d04740facf45e958a514b466a32b04f1113d6
  RealmSwift: c817b5f374668cf08f649afb05f55d92a787649c
  SwiftLint: 5553187048b900c91aa03552807681bb6b027846

PODFILE CHECKSUM: 58b676cd53dfb960198fa16440ff2d7fac5f59f1

COCOAPODS: 1.6.0
