PODS:
  - LicensePlist (2.5.0)
  - Realm (3.18.0):
    - Realm/Headers (= 3.18.0)
  - Realm/Headers (3.18.0)
  - RealmSwift (3.18.0):
    - Realm (= 3.18.0)
  - SwiftLint (0.31.0)

DEPENDENCIES:
  - LicensePlist
  - Realm (from `https://github.com/realm/realm-cocoa.git`, branch `master`)
  - RealmSwift (from `https://github.com/realm/realm-cocoa.git`, branch `master`)
  - SwiftLint

SPEC REPOS:
  https://github.com/cocoapods/specs.git:
    - LicensePlist
    - SwiftLint

EXTERNAL SOURCES:
  Realm:
    :branch: master
    :git: https://github.com/realm/realm-cocoa.git
    :submodules: true
  RealmSwift:
    :branch: master
    :git: https://github.com/realm/realm-cocoa.git
    :submodules: true

CHECKOUT OPTIONS:
  Realm:
    :commit: 656028b8fa4f340f22d3c3babfedb1fd0ec4f69e
    :git: https://github.com/realm/realm-cocoa.git
    :submodules: true
  RealmSwift:
    :commit: 656028b8fa4f340f22d3c3babfedb1fd0ec4f69e
    :git: https://github.com/realm/realm-cocoa.git
    :submodules: true

SPEC CHECKSUMS:
  LicensePlist: e5f8f2e3465620e53ec4c669955a5a7d0692b9cb
  Realm: 7b3d04740facf45e958a514b466a32b04f1113d6
  RealmSwift: c817b5f374668cf08f649afb05f55d92a787649c
  SwiftLint: 7a0227733d786395817373b2d0ca799fd0093ff3

PODFILE CHECKSUM: 9fb1171888b1807b6afe094826110da94cebe9aa

COCOAPODS: 1.6.0
