// !$*UTF8*$!
{
	archiveVersion = 1;
	classes = {
	};
	objectVersion = 50;
	objects = {

/* Begin PBXBuildFile section */
		311F40F0FA6812B5A9186CC6 /* Pods_PinMusubiUITests.framework in Frameworks */ = {isa = PBXBuildFile; fileRef = 3E441DE9EE2C81C8EAB1391B /* Pods_PinMusubiUITests.framework */; };
		6612A005B9F59CA14EB80C2C /* Pods_PinMusubiUITests.framework in Frameworks */ = {isa = PBXBuildFile; fileRef = 91504A5623361D4600F900C4 /* Pods_PinMusubiUITests.framework */; };
		784935AD8A9366CD386C3FBF /* Pods_PinMusubiTests.framework in Frameworks */ = {isa = PBXBuildFile; fileRef = 91504A5323361D4200F900C4 /* Pods_PinMusubiTests.framework */; };
		914D4A7C23370A7F00065648 /* SettingBasePointActionCellDelegate.swift in Sources */ = {isa = PBXBuildFile; fileRef = 914D4A7B23370A7F00065648 /* SettingBasePointActionCellDelegate.swift */; };
		914D4A852337CD8C00065648 /* SettingBasePointsPresenter.swift in Sources */ = {isa = PBXBuildFile; fileRef = 914D4A842337CD8C00065648 /* SettingBasePointsPresenter.swift */; };
		914D4A89233853E800065648 /* SettingBasePointsViewDelegate.swift in Sources */ = {isa = PBXBuildFile; fileRef = 914D4A88233853E800065648 /* SettingBasePointsViewDelegate.swift */; };
		914D4A8B23388F8500065648 /* Notification+Extension.swift in Sources */ = {isa = PBXBuildFile; fileRef = 914D4A8A23388F8500065648 /* Notification+Extension.swift */; };
		914F49ED233B899D0005C316 /* PointsInfomationPresenter.swift in Sources */ = {isa = PBXBuildFile; fileRef = 914F49EC233B899D0005C316 /* PointsInfomationPresenter.swift */; };
		914F49EF233B89C90005C316 /* PointsInfomationModel.swift in Sources */ = {isa = PBXBuildFile; fileRef = 914F49EE233B89C90005C316 /* PointsInfomationModel.swift */; };
		91504A7A2336226B00F900C4 /* FloatingPanel.framework in Frameworks */ = {isa = PBXBuildFile; fileRef = 91504A792336226B00F900C4 /* FloatingPanel.framework */; };
		91504A8E23366F7B00F900C4 /* SettingBasePointActionCell.swift in Sources */ = {isa = PBXBuildFile; fileRef = 91504A8C23366F7B00F900C4 /* SettingBasePointActionCell.swift */; };
		91504A8F23366F7B00F900C4 /* SettingBasePointActionCell.xib in Resources */ = {isa = PBXBuildFile; fileRef = 91504A8D23366F7B00F900C4 /* SettingBasePointActionCell.xib */; };
		915511CE2340D678004F820D /* SettingBasePointCellDelegate.swift in Sources */ = {isa = PBXBuildFile; fileRef = 915511CD2340D678004F820D /* SettingBasePointCellDelegate.swift */; };
		915511D323463458004F820D /* SearchInterestPlaceModel.swift in Sources */ = {isa = PBXBuildFile; fileRef = 915511D223463458004F820D /* SearchInterestPlaceModel.swift */; };
		915511D52347815B004F820D /* SearchInterestPlacePresenter.swift in Sources */ = {isa = PBXBuildFile; fileRef = 915511D42347815B004F820D /* SearchInterestPlacePresenter.swift */; };
		915A44A5232E2063006A6891 /* SearchHistoryEntity.swift in Sources */ = {isa = PBXBuildFile; fileRef = 915A44A4232E2063006A6891 /* SearchHistoryEntity.swift */; };
		915A44A8232E2A9E006A6891 /* AccessorProtcol.swift in Sources */ = {isa = PBXBuildFile; fileRef = 915A44A7232E2A9E006A6891 /* AccessorProtcol.swift */; };
		915A44AC232E52F4006A6891 /* SettingPointAccessor.swift in Sources */ = {isa = PBXBuildFile; fileRef = 915A44AB232E52F4006A6891 /* SettingPointAccessor.swift */; };
		915A44AE232E530E006A6891 /* SearchHistoryAccessor.swift in Sources */ = {isa = PBXBuildFile; fileRef = 915A44AD232E530E006A6891 /* SearchHistoryAccessor.swift */; };
		915A44B1232F3195006A6891 /* SettingPointAccessorTests.swift in Sources */ = {isa = PBXBuildFile; fileRef = 915A44B0232F3195006A6891 /* SettingPointAccessorTests.swift */; };
		915A44B3232F5532006A6891 /* SearchHistoryAccessorTests.swift in Sources */ = {isa = PBXBuildFile; fileRef = 915A44B2232F5532006A6891 /* SearchHistoryAccessorTests.swift */; };
		91816DA0232F6D5D00C48C78 /* MapKit.framework in Frameworks */ = {isa = PBXBuildFile; fileRef = 91816D9F232F6D5D00C48C78 /* MapKit.framework */; };
		918CC478232F91D00047BC88 /* ColorDefinition.swift in Sources */ = {isa = PBXBuildFile; fileRef = 918CC477232F91D00047BC88 /* ColorDefinition.swift */; };
		918CF9862338FB6A003DC7C8 /* PointsInfomationAnnotationView.swift in Sources */ = {isa = PBXBuildFile; fileRef = 918CF9852338FB6A003DC7C8 /* PointsInfomationAnnotationView.swift */; };
		918CF9882338FBA8003DC7C8 /* PointsInfomationAnnotationView.xib in Resources */ = {isa = PBXBuildFile; fileRef = 918CF9872338FBA8003DC7C8 /* PointsInfomationAnnotationView.xib */; };
		918CF98B23390ABA003DC7C8 /* PointInfomationCell.swift in Sources */ = {isa = PBXBuildFile; fileRef = 918CF98923390ABA003DC7C8 /* PointInfomationCell.swift */; };
		918CF98C23390ABA003DC7C8 /* PointInfomationCell.xib in Resources */ = {isa = PBXBuildFile; fileRef = 918CF98A23390ABA003DC7C8 /* PointInfomationCell.xib */; };
		9197D64023250D4E00A5C558 /* SettingPointEntity.swift in Sources */ = {isa = PBXBuildFile; fileRef = 9197D63F23250D4E00A5C558 /* SettingPointEntity.swift */; };
		9197D6482325395B00A5C558 /* PinMusubiUITests.swift in Sources */ = {isa = PBXBuildFile; fileRef = 9197D6472325395B00A5C558 /* PinMusubiUITests.swift */; };
		9197D6562325396900A5C558 /* PinMusubiTests.swift in Sources */ = {isa = PBXBuildFile; fileRef = 9197D6552325396900A5C558 /* PinMusubiTests.swift */; };
		9197D65F23253ADB00A5C558 /* SettingBasePointsModelTests.swift in Sources */ = {isa = PBXBuildFile; fileRef = 9197D65E23253ADB00A5C558 /* SettingBasePointsModelTests.swift */; };
		91A41108233124D700AF7897 /* ReferenceTabBar.storyboard in Resources */ = {isa = PBXBuildFile; fileRef = 91A41107233124D700AF7897 /* ReferenceTabBar.storyboard */; };
		91A4110A2331AC7B00AF7897 /* TestData.swift in Sources */ = {isa = PBXBuildFile; fileRef = 91A411092331AC7B00AF7897 /* TestData.swift */; };
		91A4110C2331B66A00AF7897 /* SettingBasePointsModalViewController.swift in Sources */ = {isa = PBXBuildFile; fileRef = 91A4110B2331B66A00AF7897 /* SettingBasePointsModalViewController.swift */; };
		91A4110E2331BCC000AF7897 /* CustomFloatingPanelLayout.swift in Sources */ = {isa = PBXBuildFile; fileRef = 91A4110D2331BCC000AF7897 /* CustomFloatingPanelLayout.swift */; };
		91A411172332764300AF7897 /* SettingBasePointsView.swift in Sources */ = {isa = PBXBuildFile; fileRef = 91A411162332764300AF7897 /* SettingBasePointsView.swift */; };
		91A4111E2333C16A00AF7897 /* SettingBasePointsView.xib in Resources */ = {isa = PBXBuildFile; fileRef = 91A4111D2333C16A00AF7897 /* SettingBasePointsView.xib */; };
		91A411232335066700AF7897 /* SettingBasePointCell.swift in Sources */ = {isa = PBXBuildFile; fileRef = 91A411212335066700AF7897 /* SettingBasePointCell.swift */; };
		91A411242335066700AF7897 /* SettingBasePointCell.xib in Resources */ = {isa = PBXBuildFile; fileRef = 91A411222335066700AF7897 /* SettingBasePointCell.xib */; };
		91B3EB4D2301296E00430D41 /* AppDelegate.swift in Sources */ = {isa = PBXBuildFile; fileRef = 91B3EB4C2301296E00430D41 /* AppDelegate.swift */; };
		91B3EB4F2301296E00430D41 /* SearchInterestPlaceViewController.swift in Sources */ = {isa = PBXBuildFile; fileRef = 91B3EB4E2301296E00430D41 /* SearchInterestPlaceViewController.swift */; };
		91B3EB522301296E00430D41 /* SearchInterestPlaceView.storyboard in Resources */ = {isa = PBXBuildFile; fileRef = 91B3EB502301296E00430D41 /* SearchInterestPlaceView.storyboard */; };
		91B3EB542301296F00430D41 /* Assets.xcassets in Resources */ = {isa = PBXBuildFile; fileRef = 91B3EB532301296F00430D41 /* Assets.xcassets */; };
		91B3EB572301296F00430D41 /* LaunchScreen.storyboard in Resources */ = {isa = PBXBuildFile; fileRef = 91B3EB552301296F00430D41 /* LaunchScreen.storyboard */; };
		91B5A9712363260E0030909D /* SearchInterestPlaceModelTests.swift in Sources */ = {isa = PBXBuildFile; fileRef = 91B5A9702363260E0030909D /* SearchInterestPlaceModelTests.swift */; };
		91B5A9732363277C0030909D /* PointsInfomationModelTests.swift in Sources */ = {isa = PBXBuildFile; fileRef = 91B5A9722363277C0030909D /* PointsInfomationModelTests.swift */; };
		91B5A97523633B440030909D /* RestaurantSpotsModelTests.swift in Sources */ = {isa = PBXBuildFile; fileRef = 91B5A97423633B440030909D /* RestaurantSpotsModelTests.swift */; };
		91B5A9772363EF090030909D /* apiKey.plist in Resources */ = {isa = PBXBuildFile; fileRef = 91B5A9762363EF090030909D /* apiKey.plist */; };
		91B5A9792363F1AE0030909D /* KeyManager.swift in Sources */ = {isa = PBXBuildFile; fileRef = 91B5A9782363F1AE0030909D /* KeyManager.swift */; };
		91B5A97B23657EE10030909D /* StationModel.swift in Sources */ = {isa = PBXBuildFile; fileRef = 91B5A97A23657EE10030909D /* StationModel.swift */; };
		91B5A97D2365846D0030909D /* StationModelTests.swift in Sources */ = {isa = PBXBuildFile; fileRef = 91B5A97C2365846D0030909D /* StationModelTests.swift */; };
		91B5A97F23658BCD0030909D /* BusStopModel.swift in Sources */ = {isa = PBXBuildFile; fileRef = 91B5A97E23658BCD0030909D /* BusStopModel.swift */; };
		91B5A98123658D130030909D /* BusStopTests.swift in Sources */ = {isa = PBXBuildFile; fileRef = 91B5A98023658D130030909D /* BusStopTests.swift */; };
		91B5A9892365B8BF0030909D /* SpotListViewController.storyboard in Resources */ = {isa = PBXBuildFile; fileRef = 91B5A9882365B8BF0030909D /* SpotListViewController.storyboard */; };
		91B5A98D2365C2000030909D /* SpotListViewController.swift in Sources */ = {isa = PBXBuildFile; fileRef = 91B5A98C2365C2000030909D /* SpotListViewController.swift */; };
		91BDCB942324B25600E4B5C4 /* SettingBasePointsModel.swift in Sources */ = {isa = PBXBuildFile; fileRef = 91BDCB932324B25600E4B5C4 /* SettingBasePointsModel.swift */; };
		91C8E9F52348C752004A644D /* PointInfomationAnnotationViewDelegate.swift in Sources */ = {isa = PBXBuildFile; fileRef = 91C8E9F42348C752004A644D /* PointInfomationAnnotationViewDelegate.swift */; };
		91E439222352FE9400A3B936 /* RestaurantSpotEntity.swift in Sources */ = {isa = PBXBuildFile; fileRef = 91E439212352FE9400A3B936 /* RestaurantSpotEntity.swift */; };
		91E439242355FB9700A3B936 /* BusStopEntity.swift in Sources */ = {isa = PBXBuildFile; fileRef = 91E439232355FB9700A3B936 /* BusStopEntity.swift */; };
		91E439262355FE3C00A3B936 /* StationEntity.swift in Sources */ = {isa = PBXBuildFile; fileRef = 91E439252355FE3C00A3B936 /* StationEntity.swift */; };
		91E4392A2361DFE500A3B936 /* RestaurantSpotsModel.swift in Sources */ = {isa = PBXBuildFile; fileRef = 91E439292361DFE500A3B936 /* RestaurantSpotsModel.swift */; };
		91F4EB162336038D005C9EED /* UIColor+Extension.swift in Sources */ = {isa = PBXBuildFile; fileRef = 91F4EB152336038D005C9EED /* UIColor+Extension.swift */; };
		D2094545A8DB2CD995DA23F1 /* Pods_PinMusubiTests.framework in Frameworks */ = {isa = PBXBuildFile; fileRef = 45BCF82DC97DB8F4D9AC967B /* Pods_PinMusubiTests.framework */; };
		F837A212E03FC16E84B4F17E /* Pods_PinMusubi.framework in Frameworks */ = {isa = PBXBuildFile; fileRef = 91504A84233622A800F900C4 /* Pods_PinMusubi.framework */; };
/* End PBXBuildFile section */

/* Begin PBXContainerItemProxy section */
		9197D64A2325395B00A5C558 /* PBXContainerItemProxy */ = {
			isa = PBXContainerItemProxy;
			containerPortal = 91B3EB412301296E00430D41 /* Project object */;
			proxyType = 1;
			remoteGlobalIDString = 91B3EB482301296E00430D41;
			remoteInfo = PinMusubi;
		};
		9197D6582325396900A5C558 /* PBXContainerItemProxy */ = {
			isa = PBXContainerItemProxy;
			containerPortal = 91B3EB412301296E00430D41 /* Project object */;
			proxyType = 1;
			remoteGlobalIDString = 91B3EB482301296E00430D41;
			remoteInfo = PinMusubi;
		};
/* End PBXContainerItemProxy section */

/* Begin PBXCopyFilesBuildPhase section */
		91504A7C2336226B00F900C4 /* Embed Frameworks */ = {
			isa = PBXCopyFilesBuildPhase;
			buildActionMask = 2147483647;
			dstPath = "";
			dstSubfolderSpec = 10;
			files = (
			);
			name = "Embed Frameworks";
			runOnlyForDeploymentPostprocessing = 0;
		};
/* End PBXCopyFilesBuildPhase section */

/* Begin PBXFileReference section */
		18C269437F6D9E80752688A3 /* Pods-PinMusubiTests.debug.xcconfig */ = {isa = PBXFileReference; includeInIndex = 1; lastKnownFileType = text.xcconfig; name = "Pods-PinMusubiTests.debug.xcconfig"; path = "Target Support Files/Pods-PinMusubiTests/Pods-PinMusubiTests.debug.xcconfig"; sourceTree = "<group>"; };
		18EBDFE939DBCE16817C3F1D /* Pods-PinMusubiUITests.release.xcconfig */ = {isa = PBXFileReference; includeInIndex = 1; lastKnownFileType = text.xcconfig; name = "Pods-PinMusubiUITests.release.xcconfig"; path = "Target Support Files/Pods-PinMusubiUITests/Pods-PinMusubiUITests.release.xcconfig"; sourceTree = "<group>"; };
		3E08172F3AAD4FD73D4643F1 /* Pods-PinMusubi.release.xcconfig */ = {isa = PBXFileReference; includeInIndex = 1; lastKnownFileType = text.xcconfig; name = "Pods-PinMusubi.release.xcconfig"; path = "Target Support Files/Pods-PinMusubi/Pods-PinMusubi.release.xcconfig"; sourceTree = "<group>"; };
		3E441DE9EE2C81C8EAB1391B /* Pods_PinMusubiUITests.framework */ = {isa = PBXFileReference; explicitFileType = wrapper.framework; includeInIndex = 0; path = Pods_PinMusubiUITests.framework; sourceTree = BUILT_PRODUCTS_DIR; };
		45BCF82DC97DB8F4D9AC967B /* Pods_PinMusubiTests.framework */ = {isa = PBXFileReference; explicitFileType = wrapper.framework; includeInIndex = 0; path = Pods_PinMusubiTests.framework; sourceTree = BUILT_PRODUCTS_DIR; };
		658A997F3B3618C798D7BE94 /* Pods-PinMusubi.debug.xcconfig */ = {isa = PBXFileReference; includeInIndex = 1; lastKnownFileType = text.xcconfig; name = "Pods-PinMusubi.debug.xcconfig"; path = "Target Support Files/Pods-PinMusubi/Pods-PinMusubi.debug.xcconfig"; sourceTree = "<group>"; };
		689FE771F63B6B8247656B37 /* Pods-PinMusubiTests.release.xcconfig */ = {isa = PBXFileReference; includeInIndex = 1; lastKnownFileType = text.xcconfig; name = "Pods-PinMusubiTests.release.xcconfig"; path = "Target Support Files/Pods-PinMusubiTests/Pods-PinMusubiTests.release.xcconfig"; sourceTree = "<group>"; };
		7B505E40D3B0A11DDB3BD1CA /* Pods_PinMusubi.framework */ = {isa = PBXFileReference; explicitFileType = wrapper.framework; includeInIndex = 0; path = Pods_PinMusubi.framework; sourceTree = BUILT_PRODUCTS_DIR; };
		914D4A7B23370A7F00065648 /* SettingBasePointActionCellDelegate.swift */ = {isa = PBXFileReference; lastKnownFileType = sourcecode.swift; path = SettingBasePointActionCellDelegate.swift; sourceTree = "<group>"; };
		914D4A842337CD8C00065648 /* SettingBasePointsPresenter.swift */ = {isa = PBXFileReference; lastKnownFileType = sourcecode.swift; path = SettingBasePointsPresenter.swift; sourceTree = "<group>"; };
		914D4A88233853E800065648 /* SettingBasePointsViewDelegate.swift */ = {isa = PBXFileReference; lastKnownFileType = sourcecode.swift; path = SettingBasePointsViewDelegate.swift; sourceTree = "<group>"; };
		914D4A8A23388F8500065648 /* Notification+Extension.swift */ = {isa = PBXFileReference; lastKnownFileType = sourcecode.swift; path = "Notification+Extension.swift"; sourceTree = "<group>"; };
		914F49EC233B899D0005C316 /* PointsInfomationPresenter.swift */ = {isa = PBXFileReference; lastKnownFileType = sourcecode.swift; path = PointsInfomationPresenter.swift; sourceTree = "<group>"; };
		914F49EE233B89C90005C316 /* PointsInfomationModel.swift */ = {isa = PBXFileReference; lastKnownFileType = sourcecode.swift; path = PointsInfomationModel.swift; sourceTree = "<group>"; };
		91504A4923361CF500F900C4 /* FloatingPanel.framework */ = {isa = PBXFileReference; explicitFileType = wrapper.framework; path = FloatingPanel.framework; sourceTree = BUILT_PRODUCTS_DIR; };
		91504A4D23361D3200F900C4 /* Realm.framework */ = {isa = PBXFileReference; explicitFileType = wrapper.framework; path = Realm.framework; sourceTree = BUILT_PRODUCTS_DIR; };
		91504A5023361D3D00F900C4 /* RealmSwift.framework */ = {isa = PBXFileReference; explicitFileType = wrapper.framework; path = RealmSwift.framework; sourceTree = BUILT_PRODUCTS_DIR; };
		91504A5323361D4200F900C4 /* Pods_PinMusubiTests.framework */ = {isa = PBXFileReference; explicitFileType = wrapper.framework; path = Pods_PinMusubiTests.framework; sourceTree = BUILT_PRODUCTS_DIR; };
		91504A5623361D4600F900C4 /* Pods_PinMusubiUITests.framework */ = {isa = PBXFileReference; explicitFileType = wrapper.framework; path = Pods_PinMusubiUITests.framework; sourceTree = BUILT_PRODUCTS_DIR; };
		91504A792336226B00F900C4 /* FloatingPanel.framework */ = {isa = PBXFileReference; explicitFileType = wrapper.framework; path = FloatingPanel.framework; sourceTree = BUILT_PRODUCTS_DIR; };
		91504A84233622A800F900C4 /* Pods_PinMusubi.framework */ = {isa = PBXFileReference; explicitFileType = wrapper.framework; path = Pods_PinMusubi.framework; sourceTree = BUILT_PRODUCTS_DIR; };
		91504A8C23366F7B00F900C4 /* SettingBasePointActionCell.swift */ = {isa = PBXFileReference; lastKnownFileType = sourcecode.swift; path = SettingBasePointActionCell.swift; sourceTree = "<group>"; };
		91504A8D23366F7B00F900C4 /* SettingBasePointActionCell.xib */ = {isa = PBXFileReference; lastKnownFileType = file.xib; path = SettingBasePointActionCell.xib; sourceTree = "<group>"; };
		915511CD2340D678004F820D /* SettingBasePointCellDelegate.swift */ = {isa = PBXFileReference; lastKnownFileType = sourcecode.swift; path = SettingBasePointCellDelegate.swift; sourceTree = "<group>"; };
		915511D223463458004F820D /* SearchInterestPlaceModel.swift */ = {isa = PBXFileReference; lastKnownFileType = sourcecode.swift; path = SearchInterestPlaceModel.swift; sourceTree = "<group>"; };
		915511D42347815B004F820D /* SearchInterestPlacePresenter.swift */ = {isa = PBXFileReference; lastKnownFileType = sourcecode.swift; path = SearchInterestPlacePresenter.swift; sourceTree = "<group>"; };
		915A44A4232E2063006A6891 /* SearchHistoryEntity.swift */ = {isa = PBXFileReference; lastKnownFileType = sourcecode.swift; path = SearchHistoryEntity.swift; sourceTree = "<group>"; };
		915A44A7232E2A9E006A6891 /* AccessorProtcol.swift */ = {isa = PBXFileReference; lastKnownFileType = sourcecode.swift; path = AccessorProtcol.swift; sourceTree = "<group>"; };
		915A44AB232E52F4006A6891 /* SettingPointAccessor.swift */ = {isa = PBXFileReference; lastKnownFileType = sourcecode.swift; path = SettingPointAccessor.swift; sourceTree = "<group>"; };
		915A44AD232E530E006A6891 /* SearchHistoryAccessor.swift */ = {isa = PBXFileReference; lastKnownFileType = sourcecode.swift; path = SearchHistoryAccessor.swift; sourceTree = "<group>"; };
		915A44B0232F3195006A6891 /* SettingPointAccessorTests.swift */ = {isa = PBXFileReference; lastKnownFileType = sourcecode.swift; path = SettingPointAccessorTests.swift; sourceTree = "<group>"; };
		915A44B2232F5532006A6891 /* SearchHistoryAccessorTests.swift */ = {isa = PBXFileReference; lastKnownFileType = sourcecode.swift; path = SearchHistoryAccessorTests.swift; sourceTree = "<group>"; };
		91816D9F232F6D5D00C48C78 /* MapKit.framework */ = {isa = PBXFileReference; lastKnownFileType = wrapper.framework; name = MapKit.framework; path = System/Library/Frameworks/MapKit.framework; sourceTree = SDKROOT; };
		918CC477232F91D00047BC88 /* ColorDefinition.swift */ = {isa = PBXFileReference; lastKnownFileType = sourcecode.swift; path = ColorDefinition.swift; sourceTree = "<group>"; };
		918CF9852338FB6A003DC7C8 /* PointsInfomationAnnotationView.swift */ = {isa = PBXFileReference; lastKnownFileType = sourcecode.swift; path = PointsInfomationAnnotationView.swift; sourceTree = "<group>"; };
		918CF9872338FBA8003DC7C8 /* PointsInfomationAnnotationView.xib */ = {isa = PBXFileReference; lastKnownFileType = file.xib; path = PointsInfomationAnnotationView.xib; sourceTree = "<group>"; };
		918CF98923390ABA003DC7C8 /* PointInfomationCell.swift */ = {isa = PBXFileReference; lastKnownFileType = sourcecode.swift; path = PointInfomationCell.swift; sourceTree = "<group>"; };
		918CF98A23390ABA003DC7C8 /* PointInfomationCell.xib */ = {isa = PBXFileReference; lastKnownFileType = file.xib; path = PointInfomationCell.xib; sourceTree = "<group>"; };
		9197D63F23250D4E00A5C558 /* SettingPointEntity.swift */ = {isa = PBXFileReference; lastKnownFileType = sourcecode.swift; path = SettingPointEntity.swift; sourceTree = "<group>"; };
		9197D6452325395B00A5C558 /* PinMusubiUITests.xctest */ = {isa = PBXFileReference; explicitFileType = wrapper.cfbundle; includeInIndex = 0; path = PinMusubiUITests.xctest; sourceTree = BUILT_PRODUCTS_DIR; };
		9197D6472325395B00A5C558 /* PinMusubiUITests.swift */ = {isa = PBXFileReference; lastKnownFileType = sourcecode.swift; path = PinMusubiUITests.swift; sourceTree = "<group>"; };
		9197D6492325395B00A5C558 /* Info.plist */ = {isa = PBXFileReference; lastKnownFileType = text.plist.xml; path = Info.plist; sourceTree = "<group>"; };
		9197D6532325396900A5C558 /* PinMusubiTests.xctest */ = {isa = PBXFileReference; explicitFileType = wrapper.cfbundle; includeInIndex = 0; path = PinMusubiTests.xctest; sourceTree = BUILT_PRODUCTS_DIR; };
		9197D6552325396900A5C558 /* PinMusubiTests.swift */ = {isa = PBXFileReference; lastKnownFileType = sourcecode.swift; path = PinMusubiTests.swift; sourceTree = "<group>"; };
		9197D6572325396900A5C558 /* Info.plist */ = {isa = PBXFileReference; lastKnownFileType = text.plist.xml; path = Info.plist; sourceTree = "<group>"; };
		9197D65E23253ADB00A5C558 /* SettingBasePointsModelTests.swift */ = {isa = PBXFileReference; lastKnownFileType = sourcecode.swift; path = SettingBasePointsModelTests.swift; sourceTree = "<group>"; };
		91A41107233124D700AF7897 /* ReferenceTabBar.storyboard */ = {isa = PBXFileReference; lastKnownFileType = file.storyboard; path = ReferenceTabBar.storyboard; sourceTree = "<group>"; };
		91A411092331AC7B00AF7897 /* TestData.swift */ = {isa = PBXFileReference; lastKnownFileType = sourcecode.swift; path = TestData.swift; sourceTree = "<group>"; };
		91A4110B2331B66A00AF7897 /* SettingBasePointsModalViewController.swift */ = {isa = PBXFileReference; lastKnownFileType = sourcecode.swift; path = SettingBasePointsModalViewController.swift; sourceTree = "<group>"; };
		91A4110D2331BCC000AF7897 /* CustomFloatingPanelLayout.swift */ = {isa = PBXFileReference; lastKnownFileType = sourcecode.swift; path = CustomFloatingPanelLayout.swift; sourceTree = "<group>"; };
		91A411162332764300AF7897 /* SettingBasePointsView.swift */ = {isa = PBXFileReference; lastKnownFileType = sourcecode.swift; path = SettingBasePointsView.swift; sourceTree = "<group>"; };
		91A4111D2333C16A00AF7897 /* SettingBasePointsView.xib */ = {isa = PBXFileReference; fileEncoding = 4; lastKnownFileType = file.xib; path = SettingBasePointsView.xib; sourceTree = "<group>"; };
		91A411212335066700AF7897 /* SettingBasePointCell.swift */ = {isa = PBXFileReference; lastKnownFileType = sourcecode.swift; path = SettingBasePointCell.swift; sourceTree = "<group>"; };
		91A411222335066700AF7897 /* SettingBasePointCell.xib */ = {isa = PBXFileReference; lastKnownFileType = file.xib; path = SettingBasePointCell.xib; sourceTree = "<group>"; };
		91AF02FE84A12FDA85793C7B /* Pods-PinMusubiUITests.debug.xcconfig */ = {isa = PBXFileReference; includeInIndex = 1; lastKnownFileType = text.xcconfig; name = "Pods-PinMusubiUITests.debug.xcconfig"; path = "Target Support Files/Pods-PinMusubiUITests/Pods-PinMusubiUITests.debug.xcconfig"; sourceTree = "<group>"; };
		91B3EB492301296E00430D41 /* PinMusubi.app */ = {isa = PBXFileReference; explicitFileType = wrapper.application; includeInIndex = 0; path = PinMusubi.app; sourceTree = BUILT_PRODUCTS_DIR; };
		91B3EB4C2301296E00430D41 /* AppDelegate.swift */ = {isa = PBXFileReference; lastKnownFileType = sourcecode.swift; path = AppDelegate.swift; sourceTree = "<group>"; };
		91B3EB4E2301296E00430D41 /* SearchInterestPlaceViewController.swift */ = {isa = PBXFileReference; lastKnownFileType = sourcecode.swift; path = SearchInterestPlaceViewController.swift; sourceTree = "<group>"; };
		91B3EB512301296E00430D41 /* Base */ = {isa = PBXFileReference; lastKnownFileType = file.storyboard; name = Base; path = Base.lproj/SearchInterestPlaceView.storyboard; sourceTree = "<group>"; };
		91B3EB532301296F00430D41 /* Assets.xcassets */ = {isa = PBXFileReference; lastKnownFileType = folder.assetcatalog; path = Assets.xcassets; sourceTree = "<group>"; };
		91B3EB562301296F00430D41 /* Base */ = {isa = PBXFileReference; lastKnownFileType = file.storyboard; name = Base; path = Base.lproj/LaunchScreen.storyboard; sourceTree = "<group>"; };
		91B3EB582301296F00430D41 /* Info.plist */ = {isa = PBXFileReference; lastKnownFileType = text.plist.xml; path = Info.plist; sourceTree = "<group>"; };
		91B5A9702363260E0030909D /* SearchInterestPlaceModelTests.swift */ = {isa = PBXFileReference; lastKnownFileType = sourcecode.swift; path = SearchInterestPlaceModelTests.swift; sourceTree = "<group>"; };
		91B5A9722363277C0030909D /* PointsInfomationModelTests.swift */ = {isa = PBXFileReference; lastKnownFileType = sourcecode.swift; path = PointsInfomationModelTests.swift; sourceTree = "<group>"; };
		91B5A97423633B440030909D /* RestaurantSpotsModelTests.swift */ = {isa = PBXFileReference; lastKnownFileType = sourcecode.swift; path = RestaurantSpotsModelTests.swift; sourceTree = "<group>"; };
		91B5A9762363EF090030909D /* apiKey.plist */ = {isa = PBXFileReference; lastKnownFileType = text.plist.xml; path = apiKey.plist; sourceTree = "<group>"; };
		91B5A9782363F1AE0030909D /* KeyManager.swift */ = {isa = PBXFileReference; lastKnownFileType = sourcecode.swift; path = KeyManager.swift; sourceTree = "<group>"; };
		91B5A97A23657EE10030909D /* StationModel.swift */ = {isa = PBXFileReference; lastKnownFileType = sourcecode.swift; path = StationModel.swift; sourceTree = "<group>"; };
		91B5A97C2365846D0030909D /* StationModelTests.swift */ = {isa = PBXFileReference; lastKnownFileType = sourcecode.swift; path = StationModelTests.swift; sourceTree = "<group>"; };
		91B5A97E23658BCD0030909D /* BusStopModel.swift */ = {isa = PBXFileReference; lastKnownFileType = sourcecode.swift; path = BusStopModel.swift; sourceTree = "<group>"; };
		91B5A98023658D130030909D /* BusStopTests.swift */ = {isa = PBXFileReference; lastKnownFileType = sourcecode.swift; path = BusStopTests.swift; sourceTree = "<group>"; };
		91B5A9882365B8BF0030909D /* SpotListViewController.storyboard */ = {isa = PBXFileReference; lastKnownFileType = file.storyboard; path = SpotListViewController.storyboard; sourceTree = "<group>"; };
		91B5A98C2365C2000030909D /* SpotListViewController.swift */ = {isa = PBXFileReference; lastKnownFileType = sourcecode.swift; path = SpotListViewController.swift; sourceTree = "<group>"; };
		91BDCB932324B25600E4B5C4 /* SettingBasePointsModel.swift */ = {isa = PBXFileReference; lastKnownFileType = sourcecode.swift; path = SettingBasePointsModel.swift; sourceTree = "<group>"; };
		91C8E9F42348C752004A644D /* PointInfomationAnnotationViewDelegate.swift */ = {isa = PBXFileReference; lastKnownFileType = sourcecode.swift; path = PointInfomationAnnotationViewDelegate.swift; sourceTree = "<group>"; };
		91E439212352FE9400A3B936 /* RestaurantSpotEntity.swift */ = {isa = PBXFileReference; lastKnownFileType = sourcecode.swift; path = RestaurantSpotEntity.swift; sourceTree = "<group>"; };
		91E439232355FB9700A3B936 /* BusStopEntity.swift */ = {isa = PBXFileReference; lastKnownFileType = sourcecode.swift; path = BusStopEntity.swift; sourceTree = "<group>"; };
		91E439252355FE3C00A3B936 /* StationEntity.swift */ = {isa = PBXFileReference; lastKnownFileType = sourcecode.swift; path = StationEntity.swift; sourceTree = "<group>"; };
		91E439292361DFE500A3B936 /* RestaurantSpotsModel.swift */ = {isa = PBXFileReference; lastKnownFileType = sourcecode.swift; path = RestaurantSpotsModel.swift; sourceTree = "<group>"; };
		91F4EB152336038D005C9EED /* UIColor+Extension.swift */ = {isa = PBXFileReference; lastKnownFileType = sourcecode.swift; path = "UIColor+Extension.swift"; sourceTree = "<group>"; };
/* End PBXFileReference section */

/* Begin PBXFrameworksBuildPhase section */
		9197D6422325395B00A5C558 /* Frameworks */ = {
			isa = PBXFrameworksBuildPhase;
			buildActionMask = 2147483647;
			files = (
				311F40F0FA6812B5A9186CC6 /* Pods_PinMusubiUITests.framework in Frameworks */,
				6612A005B9F59CA14EB80C2C /* Pods_PinMusubiUITests.framework in Frameworks */,
			);
			runOnlyForDeploymentPostprocessing = 0;
		};
		9197D6502325396900A5C558 /* Frameworks */ = {
			isa = PBXFrameworksBuildPhase;
			buildActionMask = 2147483647;
			files = (
				D2094545A8DB2CD995DA23F1 /* Pods_PinMusubiTests.framework in Frameworks */,
				784935AD8A9366CD386C3FBF /* Pods_PinMusubiTests.framework in Frameworks */,
			);
			runOnlyForDeploymentPostprocessing = 0;
		};
		91B3EB462301296E00430D41 /* Frameworks */ = {
			isa = PBXFrameworksBuildPhase;
			buildActionMask = 2147483647;
			files = (
				91816DA0232F6D5D00C48C78 /* MapKit.framework in Frameworks */,
				91504A7A2336226B00F900C4 /* FloatingPanel.framework in Frameworks */,
				F837A212E03FC16E84B4F17E /* Pods_PinMusubi.framework in Frameworks */,
			);
			runOnlyForDeploymentPostprocessing = 0;
		};
/* End PBXFrameworksBuildPhase section */

/* Begin PBXGroup section */
		2AF5D57647BF5B5067C02D3A /* Frameworks */ = {
			isa = PBXGroup;
			children = (
				91504A84233622A800F900C4 /* Pods_PinMusubi.framework */,
				91504A792336226B00F900C4 /* FloatingPanel.framework */,
				91504A5623361D4600F900C4 /* Pods_PinMusubiUITests.framework */,
				91504A5323361D4200F900C4 /* Pods_PinMusubiTests.framework */,
				91504A5023361D3D00F900C4 /* RealmSwift.framework */,
				91504A4D23361D3200F900C4 /* Realm.framework */,
				91504A4923361CF500F900C4 /* FloatingPanel.framework */,
				91816D9F232F6D5D00C48C78 /* MapKit.framework */,
				7B505E40D3B0A11DDB3BD1CA /* Pods_PinMusubi.framework */,
				45BCF82DC97DB8F4D9AC967B /* Pods_PinMusubiTests.framework */,
				3E441DE9EE2C81C8EAB1391B /* Pods_PinMusubiUITests.framework */,
			);
			name = Frameworks;
			sourceTree = "<group>";
		};
		775C6CE653D600985935A5BA /* Pods */ = {
			isa = PBXGroup;
			children = (
				658A997F3B3618C798D7BE94 /* Pods-PinMusubi.debug.xcconfig */,
				3E08172F3AAD4FD73D4643F1 /* Pods-PinMusubi.release.xcconfig */,
				18C269437F6D9E80752688A3 /* Pods-PinMusubiTests.debug.xcconfig */,
				689FE771F63B6B8247656B37 /* Pods-PinMusubiTests.release.xcconfig */,
				91AF02FE84A12FDA85793C7B /* Pods-PinMusubiUITests.debug.xcconfig */,
				18EBDFE939DBCE16817C3F1D /* Pods-PinMusubiUITests.release.xcconfig */,
			);
			path = Pods;
			sourceTree = "<group>";
		};
		915A44A6232E2A7D006A6891 /* DAO */ = {
			isa = PBXGroup;
			children = (
				915A44A7232E2A9E006A6891 /* AccessorProtcol.swift */,
				915A44AB232E52F4006A6891 /* SettingPointAccessor.swift */,
				915A44AD232E530E006A6891 /* SearchHistoryAccessor.swift */,
			);
			path = DAO;
			sourceTree = "<group>";
		};
		915A44AF232F316A006A6891 /* DAO */ = {
			isa = PBXGroup;
			children = (
				915A44B0232F3195006A6891 /* SettingPointAccessorTests.swift */,
				915A44B2232F5532006A6891 /* SearchHistoryAccessorTests.swift */,
			);
			path = DAO;
			sourceTree = "<group>";
		};
		9197D63E23250D2400A5C558 /* Entity */ = {
			isa = PBXGroup;
			children = (
				9197D63F23250D4E00A5C558 /* SettingPointEntity.swift */,
				915A44A4232E2063006A6891 /* SearchHistoryEntity.swift */,
				91E439212352FE9400A3B936 /* RestaurantSpotEntity.swift */,
				91E439252355FE3C00A3B936 /* StationEntity.swift */,
				91E439232355FB9700A3B936 /* BusStopEntity.swift */,
			);
			path = Entity;
			sourceTree = "<group>";
		};
		9197D6462325395B00A5C558 /* PinMusubiUITests */ = {
			isa = PBXGroup;
			children = (
				9197D6472325395B00A5C558 /* PinMusubiUITests.swift */,
				9197D6492325395B00A5C558 /* Info.plist */,
			);
			path = PinMusubiUITests;
			sourceTree = "<group>";
		};
		9197D6542325396900A5C558 /* PinMusubiTests */ = {
			isa = PBXGroup;
			children = (
				915A44AF232F316A006A6891 /* DAO */,
				9197D65D23253A8100A5C558 /* Model */,
				9197D6552325396900A5C558 /* PinMusubiTests.swift */,
				9197D6572325396900A5C558 /* Info.plist */,
			);
			path = PinMusubiTests;
			sourceTree = "<group>";
		};
		9197D65D23253A8100A5C558 /* Model */ = {
			isa = PBXGroup;
			children = (
				91B5A9702363260E0030909D /* SearchInterestPlaceModelTests.swift */,
				9197D65E23253ADB00A5C558 /* SettingBasePointsModelTests.swift */,
				91B5A9722363277C0030909D /* PointsInfomationModelTests.swift */,
				91B5A97423633B440030909D /* RestaurantSpotsModelTests.swift */,
				91B5A97C2365846D0030909D /* StationModelTests.swift */,
				91B5A98023658D130030909D /* BusStopTests.swift */,
			);
			path = Model;
			sourceTree = "<group>";
		};
		91A4111A2333C09400AF7897 /* xib */ = {
			isa = PBXGroup;
			children = (
				91A4111D2333C16A00AF7897 /* SettingBasePointsView.xib */,
				91A411222335066700AF7897 /* SettingBasePointCell.xib */,
				91504A8D23366F7B00F900C4 /* SettingBasePointActionCell.xib */,
				918CF9872338FBA8003DC7C8 /* PointsInfomationAnnotationView.xib */,
				918CF98A23390ABA003DC7C8 /* PointInfomationCell.xib */,
			);
			path = xib;
			sourceTree = "<group>";
		};
		91B3EB402301296E00430D41 = {
			isa = PBXGroup;
			children = (
				91B3EB4B2301296E00430D41 /* PinMusubi */,
				9197D6462325395B00A5C558 /* PinMusubiUITests */,
				9197D6542325396900A5C558 /* PinMusubiTests */,
				91B3EB4A2301296E00430D41 /* Products */,
				775C6CE653D600985935A5BA /* Pods */,
				2AF5D57647BF5B5067C02D3A /* Frameworks */,
			);
			sourceTree = "<group>";
		};
		91B3EB4A2301296E00430D41 /* Products */ = {
			isa = PBXGroup;
			children = (
				91B3EB492301296E00430D41 /* PinMusubi.app */,
				9197D6452325395B00A5C558 /* PinMusubiUITests.xctest */,
				9197D6532325396900A5C558 /* PinMusubiTests.xctest */,
			);
			name = Products;
			sourceTree = "<group>";
		};
		91B3EB4B2301296E00430D41 /* PinMusubi */ = {
			isa = PBXGroup;
			children = (
				91B3EB612301326600430D41 /* Common */,
				9197D63E23250D2400A5C558 /* Entity */,
				915A44A6232E2A7D006A6891 /* DAO */,
				91B3EB602301325100430D41 /* Model */,
				91B3EB5E2301322200430D41 /* View */,
				91B3EB5F2301323800430D41 /* Presenter */,
				91B3EB622301332C00430D41 /* Resouce */,
			);
			path = PinMusubi;
			sourceTree = "<group>";
		};
		91B3EB5E2301322200430D41 /* View */ = {
			isa = PBXGroup;
			children = (
				91BDCB912324AE3200E4B5C4 /* storyboard */,
				91A4111A2333C09400AF7897 /* xib */,
				91B3EB4E2301296E00430D41 /* SearchInterestPlaceViewController.swift */,
				91A4110D2331BCC000AF7897 /* CustomFloatingPanelLayout.swift */,
				91A4110B2331B66A00AF7897 /* SettingBasePointsModalViewController.swift */,
				91A411162332764300AF7897 /* SettingBasePointsView.swift */,
				914D4A88233853E800065648 /* SettingBasePointsViewDelegate.swift */,
				91A411212335066700AF7897 /* SettingBasePointCell.swift */,
				915511CD2340D678004F820D /* SettingBasePointCellDelegate.swift */,
				91504A8C23366F7B00F900C4 /* SettingBasePointActionCell.swift */,
				914D4A7B23370A7F00065648 /* SettingBasePointActionCellDelegate.swift */,
				918CF9852338FB6A003DC7C8 /* PointsInfomationAnnotationView.swift */,
				91C8E9F42348C752004A644D /* PointInfomationAnnotationViewDelegate.swift */,
				918CF98923390ABA003DC7C8 /* PointInfomationCell.swift */,
				91B5A98C2365C2000030909D /* SpotListViewController.swift */,
			);
			path = View;
			sourceTree = "<group>";
		};
		91B3EB5F2301323800430D41 /* Presenter */ = {
			isa = PBXGroup;
			children = (
				915511D42347815B004F820D /* SearchInterestPlacePresenter.swift */,
				914D4A842337CD8C00065648 /* SettingBasePointsPresenter.swift */,
				914F49EC233B899D0005C316 /* PointsInfomationPresenter.swift */,
			);
			path = Presenter;
			sourceTree = "<group>";
		};
		91B3EB602301325100430D41 /* Model */ = {
			isa = PBXGroup;
			children = (
				915511D223463458004F820D /* SearchInterestPlaceModel.swift */,
				91BDCB932324B25600E4B5C4 /* SettingBasePointsModel.swift */,
				914F49EE233B89C90005C316 /* PointsInfomationModel.swift */,
				91E439292361DFE500A3B936 /* RestaurantSpotsModel.swift */,
				91B5A97A23657EE10030909D /* StationModel.swift */,
				91B5A97E23658BCD0030909D /* BusStopModel.swift */,
			);
			path = Model;
			sourceTree = "<group>";
		};
		91B3EB612301326600430D41 /* Common */ = {
			isa = PBXGroup;
			children = (
				91B3EB4C2301296E00430D41 /* AppDelegate.swift */,
				918CC477232F91D00047BC88 /* ColorDefinition.swift */,
				91A411092331AC7B00AF7897 /* TestData.swift */,
				91B5A9782363F1AE0030909D /* KeyManager.swift */,
				91F4EB152336038D005C9EED /* UIColor+Extension.swift */,
				914D4A8A23388F8500065648 /* Notification+Extension.swift */,
			);
			path = Common;
			sourceTree = "<group>";
		};
		91B3EB622301332C00430D41 /* Resouce */ = {
			isa = PBXGroup;
			children = (
				91B3EB532301296F00430D41 /* Assets.xcassets */,
				91B3EB582301296F00430D41 /* Info.plist */,
				91B5A9762363EF090030909D /* apiKey.plist */,
			);
			path = Resouce;
			sourceTree = "<group>";
		};
		91BDCB912324AE3200E4B5C4 /* storyboard */ = {
			isa = PBXGroup;
			children = (
				91B3EB552301296F00430D41 /* LaunchScreen.storyboard */,
				91A41107233124D700AF7897 /* ReferenceTabBar.storyboard */,
				91B3EB502301296E00430D41 /* SearchInterestPlaceView.storyboard */,
				91B5A9882365B8BF0030909D /* SpotListViewController.storyboard */,
			);
			path = storyboard;
			sourceTree = "<group>";
		};
/* End PBXGroup section */

/* Begin PBXNativeTarget section */
		9197D6442325395B00A5C558 /* PinMusubiUITests */ = {
			isa = PBXNativeTarget;
			buildConfigurationList = 9197D64C2325395B00A5C558 /* Build configuration list for PBXNativeTarget "PinMusubiUITests" */;
			buildPhases = (
				598418214F682FC55C061670 /* [CP] Check Pods Manifest.lock */,
				9197D6412325395B00A5C558 /* Sources */,
				9197D6422325395B00A5C558 /* Frameworks */,
				9197D6432325395B00A5C558 /* Resources */,
				C4DC7FFB6C959B871AECA3D2 /* [CP] Embed Pods Frameworks */,
				9101C535232CA43B00D5C130 /* SwiftLint */,
			);
			buildRules = (
			);
			dependencies = (
				9197D64B2325395B00A5C558 /* PBXTargetDependency */,
			);
			name = PinMusubiUITests;
			productName = PinMusubiUITests;
			productReference = 9197D6452325395B00A5C558 /* PinMusubiUITests.xctest */;
			productType = "com.apple.product-type.bundle.ui-testing";
		};
		9197D6522325396900A5C558 /* PinMusubiTests */ = {
			isa = PBXNativeTarget;
			buildConfigurationList = 9197D65A2325396900A5C558 /* Build configuration list for PBXNativeTarget "PinMusubiTests" */;
			buildPhases = (
				A948E6F0A1E2098900A38897 /* [CP] Check Pods Manifest.lock */,
				9197D64F2325396900A5C558 /* Sources */,
				9197D6502325396900A5C558 /* Frameworks */,
				9197D6512325396900A5C558 /* Resources */,
				40C44FE30F52FF892244E7EE /* [CP] Embed Pods Frameworks */,
				9101C536232CA45100D5C130 /* SwiftLint */,
			);
			buildRules = (
			);
			dependencies = (
				9197D6592325396900A5C558 /* PBXTargetDependency */,
			);
			name = PinMusubiTests;
			productName = PinMusubiTests;
			productReference = 9197D6532325396900A5C558 /* PinMusubiTests.xctest */;
			productType = "com.apple.product-type.bundle.unit-test";
		};
		91B3EB482301296E00430D41 /* PinMusubi */ = {
			isa = PBXNativeTarget;
			buildConfigurationList = 91B3EB5B2301296F00430D41 /* Build configuration list for PBXNativeTarget "PinMusubi" */;
			buildPhases = (
				670BF2416EF301958C78F475 /* [CP] Check Pods Manifest.lock */,
				91B3EB452301296E00430D41 /* Sources */,
				91B3EB462301296E00430D41 /* Frameworks */,
				91B3EB472301296E00430D41 /* Resources */,
				FB9911A95E6F814F4D409BB1 /* [CP] Embed Pods Frameworks */,
				917E83F6232C836F005F1204 /* LicensePlist */,
				9101C534232CA18000D5C130 /* SwiftLint */,
				91504A7C2336226B00F900C4 /* Embed Frameworks */,
			);
			buildRules = (
			);
			dependencies = (
			);
			name = PinMusubi;
			productName = PinMusubi;
			productReference = 91B3EB492301296E00430D41 /* PinMusubi.app */;
			productType = "com.apple.product-type.application";
		};
/* End PBXNativeTarget section */

/* Begin PBXProject section */
		91B3EB412301296E00430D41 /* Project object */ = {
			isa = PBXProject;
			attributes = {
				LastSwiftUpdateCheck = 1030;
				LastUpgradeCheck = 1020;
				ORGANIZATIONNAME = naipaka;
				TargetAttributes = {
					9197D6442325395B00A5C558 = {
						CreatedOnToolsVersion = 10.3;
						TestTargetID = 91B3EB482301296E00430D41;
					};
					9197D6522325396900A5C558 = {
						CreatedOnToolsVersion = 10.3;
						TestTargetID = 91B3EB482301296E00430D41;
					};
					91B3EB482301296E00430D41 = {
						CreatedOnToolsVersion = 10.2.1;
					};
				};
			};
			buildConfigurationList = 91B3EB442301296E00430D41 /* Build configuration list for PBXProject "PinMusubi" */;
			compatibilityVersion = "Xcode 9.3";
			developmentRegion = en;
			hasScannedForEncodings = 0;
			knownRegions = (
				en,
				Base,
			);
			mainGroup = 91B3EB402301296E00430D41;
			productRefGroup = 91B3EB4A2301296E00430D41 /* Products */;
			projectDirPath = "";
			projectRoot = "";
			targets = (
				91B3EB482301296E00430D41 /* PinMusubi */,
				9197D6442325395B00A5C558 /* PinMusubiUITests */,
				9197D6522325396900A5C558 /* PinMusubiTests */,
			);
		};
/* End PBXProject section */

/* Begin PBXResourcesBuildPhase section */
		9197D6432325395B00A5C558 /* Resources */ = {
			isa = PBXResourcesBuildPhase;
			buildActionMask = 2147483647;
			files = (
			);
			runOnlyForDeploymentPostprocessing = 0;
		};
		9197D6512325396900A5C558 /* Resources */ = {
			isa = PBXResourcesBuildPhase;
			buildActionMask = 2147483647;
			files = (
			);
			runOnlyForDeploymentPostprocessing = 0;
		};
		91B3EB472301296E00430D41 /* Resources */ = {
			isa = PBXResourcesBuildPhase;
			buildActionMask = 2147483647;
			files = (
				91B3EB542301296F00430D41 /* Assets.xcassets in Resources */,
				91A41108233124D700AF7897 /* ReferenceTabBar.storyboard in Resources */,
				91B3EB572301296F00430D41 /* LaunchScreen.storyboard in Resources */,
				91B3EB522301296E00430D41 /* SearchInterestPlaceView.storyboard in Resources */,
				91A4111E2333C16A00AF7897 /* SettingBasePointsView.xib in Resources */,
				91A411242335066700AF7897 /* SettingBasePointCell.xib in Resources */,
				91504A8F23366F7B00F900C4 /* SettingBasePointActionCell.xib in Resources */,
				918CF9882338FBA8003DC7C8 /* PointsInfomationAnnotationView.xib in Resources */,
				918CF98C23390ABA003DC7C8 /* PointInfomationCell.xib in Resources */,
				91B5A9772363EF090030909D /* apiKey.plist in Resources */,
				91B5A9892365B8BF0030909D /* SpotListViewController.storyboard in Resources */,
			);
			runOnlyForDeploymentPostprocessing = 0;
		};
/* End PBXResourcesBuildPhase section */

/* Begin PBXShellScriptBuildPhase section */
		40C44FE30F52FF892244E7EE /* [CP] Embed Pods Frameworks */ = {
			isa = PBXShellScriptBuildPhase;
			buildActionMask = 2147483647;
			files = (
			);
			inputFileListPaths = (
			);
			inputPaths = (
				"${PODS_ROOT}/Target Support Files/Pods-PinMusubiTests/Pods-PinMusubiTests-frameworks.sh",
				"${BUILT_PRODUCTS_DIR}/FloatingPanel/FloatingPanel.framework",
				"${BUILT_PRODUCTS_DIR}/Realm/Realm.framework",
				"${BUILT_PRODUCTS_DIR}/RealmSwift/RealmSwift.framework",
			);
			name = "[CP] Embed Pods Frameworks";
			outputFileListPaths = (
			);
			outputPaths = (
				"${TARGET_BUILD_DIR}/${FRAMEWORKS_FOLDER_PATH}/FloatingPanel.framework",
				"${TARGET_BUILD_DIR}/${FRAMEWORKS_FOLDER_PATH}/Realm.framework",
				"${TARGET_BUILD_DIR}/${FRAMEWORKS_FOLDER_PATH}/RealmSwift.framework",
			);
			runOnlyForDeploymentPostprocessing = 0;
			shellPath = /bin/sh;
			shellScript = "\"${PODS_ROOT}/Target Support Files/Pods-PinMusubiTests/Pods-PinMusubiTests-frameworks.sh\"\n";
			showEnvVarsInLog = 0;
		};
		598418214F682FC55C061670 /* [CP] Check Pods Manifest.lock */ = {
			isa = PBXShellScriptBuildPhase;
			buildActionMask = 2147483647;
			files = (
			);
			inputFileListPaths = (
			);
			inputPaths = (
				"${PODS_PODFILE_DIR_PATH}/Podfile.lock",
				"${PODS_ROOT}/Manifest.lock",
			);
			name = "[CP] Check Pods Manifest.lock";
			outputFileListPaths = (
			);
			outputPaths = (
				"$(DERIVED_FILE_DIR)/Pods-PinMusubiUITests-checkManifestLockResult.txt",
			);
			runOnlyForDeploymentPostprocessing = 0;
			shellPath = /bin/sh;
			shellScript = "diff \"${PODS_PODFILE_DIR_PATH}/Podfile.lock\" \"${PODS_ROOT}/Manifest.lock\" > /dev/null\nif [ $? != 0 ] ; then\n    # print error to STDERR\n    echo \"error: The sandbox is not in sync with the Podfile.lock. Run 'pod install' or update your CocoaPods installation.\" >&2\n    exit 1\nfi\n# This output is used by Xcode 'outputs' to avoid re-running this script phase.\necho \"SUCCESS\" > \"${SCRIPT_OUTPUT_FILE_0}\"\n";
			showEnvVarsInLog = 0;
		};
		670BF2416EF301958C78F475 /* [CP] Check Pods Manifest.lock */ = {
			isa = PBXShellScriptBuildPhase;
			buildActionMask = 2147483647;
			files = (
			);
			inputFileListPaths = (
			);
			inputPaths = (
				"${PODS_PODFILE_DIR_PATH}/Podfile.lock",
				"${PODS_ROOT}/Manifest.lock",
			);
			name = "[CP] Check Pods Manifest.lock";
			outputFileListPaths = (
			);
			outputPaths = (
				"$(DERIVED_FILE_DIR)/Pods-PinMusubi-checkManifestLockResult.txt",
			);
			runOnlyForDeploymentPostprocessing = 0;
			shellPath = /bin/sh;
			shellScript = "diff \"${PODS_PODFILE_DIR_PATH}/Podfile.lock\" \"${PODS_ROOT}/Manifest.lock\" > /dev/null\nif [ $? != 0 ] ; then\n    # print error to STDERR\n    echo \"error: The sandbox is not in sync with the Podfile.lock. Run 'pod install' or update your CocoaPods installation.\" >&2\n    exit 1\nfi\n# This output is used by Xcode 'outputs' to avoid re-running this script phase.\necho \"SUCCESS\" > \"${SCRIPT_OUTPUT_FILE_0}\"\n";
			showEnvVarsInLog = 0;
		};
		9101C534232CA18000D5C130 /* SwiftLint */ = {
			isa = PBXShellScriptBuildPhase;
			buildActionMask = 2147483647;
			files = (
			);
			inputFileListPaths = (
			);
			inputPaths = (
			);
			name = SwiftLint;
			outputFileListPaths = (
			);
			outputPaths = (
			);
			runOnlyForDeploymentPostprocessing = 0;
			shellPath = /bin/sh;
			shellScript = "if which \"${PODS_ROOT}/SwiftLint/swiftlint\" >/dev/null; then\n${PODS_ROOT}/SwiftLint/swiftlint autocorrect --format\n${PODS_ROOT}/SwiftLint/swiftlint\nelse\necho \"warning: SwiftLint not installed, download from https://github.com/realm/SwiftLint\"\nfi\n";
		};
		9101C535232CA43B00D5C130 /* SwiftLint */ = {
			isa = PBXShellScriptBuildPhase;
			buildActionMask = 2147483647;
			files = (
			);
			inputFileListPaths = (
			);
			inputPaths = (
			);
			name = SwiftLint;
			outputFileListPaths = (
			);
			outputPaths = (
			);
			runOnlyForDeploymentPostprocessing = 0;
			shellPath = /bin/sh;
			shellScript = "if which \"${PODS_ROOT}/SwiftLint/swiftlint\" >/dev/null; then\n${PODS_ROOT}/SwiftLint/swiftlint autocorrect --format\n${PODS_ROOT}/SwiftLint/swiftlint\nelse\necho \"warning: SwiftLint not installed, download from https://github.com/realm/SwiftLint\"\nfi\n";
		};
		9101C536232CA45100D5C130 /* SwiftLint */ = {
			isa = PBXShellScriptBuildPhase;
			buildActionMask = 2147483647;
			files = (
			);
			inputFileListPaths = (
			);
			inputPaths = (
			);
			name = SwiftLint;
			outputFileListPaths = (
			);
			outputPaths = (
			);
			runOnlyForDeploymentPostprocessing = 0;
			shellPath = /bin/sh;
			shellScript = "if which \"${PODS_ROOT}/SwiftLint/swiftlint\" >/dev/null; then\n${PODS_ROOT}/SwiftLint/swiftlint autocorrect --format\n${PODS_ROOT}/SwiftLint/swiftlint\nelse\necho \"warning: SwiftLint not installed, download from https://github.com/realm/SwiftLint\"\nfi\n";
		};
		917E83F6232C836F005F1204 /* LicensePlist */ = {
			isa = PBXShellScriptBuildPhase;
			buildActionMask = 2147483647;
			files = (
			);
			inputFileListPaths = (
			);
			inputPaths = (
			);
			name = LicensePlist;
			outputFileListPaths = (
			);
			outputPaths = (
			);
			runOnlyForDeploymentPostprocessing = 0;
			shellPath = /bin/sh;
			shellScript = "if [ $CONFIGURATION = \"Debug\" ]; then\n${PODS_ROOT}/LicensePlist/license-plist --output-path $PRODUCT_NAME/Settings.bundle\nfi\n";
		};
		A948E6F0A1E2098900A38897 /* [CP] Check Pods Manifest.lock */ = {
			isa = PBXShellScriptBuildPhase;
			buildActionMask = 2147483647;
			files = (
			);
			inputFileListPaths = (
			);
			inputPaths = (
				"${PODS_PODFILE_DIR_PATH}/Podfile.lock",
				"${PODS_ROOT}/Manifest.lock",
			);
			name = "[CP] Check Pods Manifest.lock";
			outputFileListPaths = (
			);
			outputPaths = (
				"$(DERIVED_FILE_DIR)/Pods-PinMusubiTests-checkManifestLockResult.txt",
			);
			runOnlyForDeploymentPostprocessing = 0;
			shellPath = /bin/sh;
			shellScript = "diff \"${PODS_PODFILE_DIR_PATH}/Podfile.lock\" \"${PODS_ROOT}/Manifest.lock\" > /dev/null\nif [ $? != 0 ] ; then\n    # print error to STDERR\n    echo \"error: The sandbox is not in sync with the Podfile.lock. Run 'pod install' or update your CocoaPods installation.\" >&2\n    exit 1\nfi\n# This output is used by Xcode 'outputs' to avoid re-running this script phase.\necho \"SUCCESS\" > \"${SCRIPT_OUTPUT_FILE_0}\"\n";
			showEnvVarsInLog = 0;
		};
		C4DC7FFB6C959B871AECA3D2 /* [CP] Embed Pods Frameworks */ = {
			isa = PBXShellScriptBuildPhase;
			buildActionMask = 2147483647;
			files = (
			);
			inputFileListPaths = (
			);
			inputPaths = (
				"${PODS_ROOT}/Target Support Files/Pods-PinMusubiUITests/Pods-PinMusubiUITests-frameworks.sh",
				"${BUILT_PRODUCTS_DIR}/FloatingPanel/FloatingPanel.framework",
				"${BUILT_PRODUCTS_DIR}/Realm/Realm.framework",
				"${BUILT_PRODUCTS_DIR}/RealmSwift/RealmSwift.framework",
			);
			name = "[CP] Embed Pods Frameworks";
			outputFileListPaths = (
			);
			outputPaths = (
				"${TARGET_BUILD_DIR}/${FRAMEWORKS_FOLDER_PATH}/FloatingPanel.framework",
				"${TARGET_BUILD_DIR}/${FRAMEWORKS_FOLDER_PATH}/Realm.framework",
				"${TARGET_BUILD_DIR}/${FRAMEWORKS_FOLDER_PATH}/RealmSwift.framework",
			);
			runOnlyForDeploymentPostprocessing = 0;
			shellPath = /bin/sh;
			shellScript = "\"${PODS_ROOT}/Target Support Files/Pods-PinMusubiUITests/Pods-PinMusubiUITests-frameworks.sh\"\n";
			showEnvVarsInLog = 0;
		};
		FB9911A95E6F814F4D409BB1 /* [CP] Embed Pods Frameworks */ = {
			isa = PBXShellScriptBuildPhase;
			buildActionMask = 2147483647;
			files = (
			);
			inputFileListPaths = (
			);
			inputPaths = (
				"${PODS_ROOT}/Target Support Files/Pods-PinMusubi/Pods-PinMusubi-frameworks.sh",
				"${BUILT_PRODUCTS_DIR}/FloatingPanel/FloatingPanel.framework",
				"${BUILT_PRODUCTS_DIR}/Realm/Realm.framework",
				"${BUILT_PRODUCTS_DIR}/RealmSwift/RealmSwift.framework",
			);
			name = "[CP] Embed Pods Frameworks";
			outputFileListPaths = (
			);
			outputPaths = (
				"${TARGET_BUILD_DIR}/${FRAMEWORKS_FOLDER_PATH}/FloatingPanel.framework",
				"${TARGET_BUILD_DIR}/${FRAMEWORKS_FOLDER_PATH}/Realm.framework",
				"${TARGET_BUILD_DIR}/${FRAMEWORKS_FOLDER_PATH}/RealmSwift.framework",
			);
			runOnlyForDeploymentPostprocessing = 0;
			shellPath = /bin/sh;
			shellScript = "\"${PODS_ROOT}/Target Support Files/Pods-PinMusubi/Pods-PinMusubi-frameworks.sh\"\n";
			showEnvVarsInLog = 0;
		};
/* End PBXShellScriptBuildPhase section */

/* Begin PBXSourcesBuildPhase section */
		9197D6412325395B00A5C558 /* Sources */ = {
			isa = PBXSourcesBuildPhase;
			buildActionMask = 2147483647;
			files = (
				9197D6482325395B00A5C558 /* PinMusubiUITests.swift in Sources */,
			);
			runOnlyForDeploymentPostprocessing = 0;
		};
		9197D64F2325396900A5C558 /* Sources */ = {
			isa = PBXSourcesBuildPhase;
			buildActionMask = 2147483647;
			files = (
				91B5A97D2365846D0030909D /* StationModelTests.swift in Sources */,
				91B5A98123658D130030909D /* BusStopTests.swift in Sources */,
				915A44B1232F3195006A6891 /* SettingPointAccessorTests.swift in Sources */,
				9197D65F23253ADB00A5C558 /* SettingBasePointsModelTests.swift in Sources */,
				91B5A9712363260E0030909D /* SearchInterestPlaceModelTests.swift in Sources */,
				915A44B3232F5532006A6891 /* SearchHistoryAccessorTests.swift in Sources */,
				91B5A97523633B440030909D /* RestaurantSpotsModelTests.swift in Sources */,
				91B5A9732363277C0030909D /* PointsInfomationModelTests.swift in Sources */,
				9197D6562325396900A5C558 /* PinMusubiTests.swift in Sources */,
			);
			runOnlyForDeploymentPostprocessing = 0;
		};
		91B3EB452301296E00430D41 /* Sources */ = {
			isa = PBXSourcesBuildPhase;
			buildActionMask = 2147483647;
			files = (
				91504A8E23366F7B00F900C4 /* SettingBasePointActionCell.swift in Sources */,
				91A4110C2331B66A00AF7897 /* SettingBasePointsModalViewController.swift in Sources */,
				91A411172332764300AF7897 /* SettingBasePointsView.swift in Sources */,
				91A411232335066700AF7897 /* SettingBasePointCell.swift in Sources */,
				914F49ED233B899D0005C316 /* PointsInfomationPresenter.swift in Sources */,
				9197D64023250D4E00A5C558 /* SettingPointEntity.swift in Sources */,
				91E439262355FE3C00A3B936 /* StationEntity.swift in Sources */,
				918CF9862338FB6A003DC7C8 /* PointsInfomationAnnotationView.swift in Sources */,
				91B3EB4F2301296E00430D41 /* SearchInterestPlaceViewController.swift in Sources */,
				914F49EF233B89C90005C316 /* PointsInfomationModel.swift in Sources */,
				91B5A97B23657EE10030909D /* StationModel.swift in Sources */,
				915A44AC232E52F4006A6891 /* SettingPointAccessor.swift in Sources */,
				918CF98B23390ABA003DC7C8 /* PointInfomationCell.swift in Sources */,
				915511CE2340D678004F820D /* SettingBasePointCellDelegate.swift in Sources */,
				914D4A852337CD8C00065648 /* SettingBasePointsPresenter.swift in Sources */,
				91B5A9792363F1AE0030909D /* KeyManager.swift in Sources */,
				91C8E9F52348C752004A644D /* PointInfomationAnnotationViewDelegate.swift in Sources */,
				91A4110A2331AC7B00AF7897 /* TestData.swift in Sources */,
				915A44A8232E2A9E006A6891 /* AccessorProtcol.swift in Sources */,
				914D4A89233853E800065648 /* SettingBasePointsViewDelegate.swift in Sources */,
				91B5A98D2365C2000030909D /* SpotListViewController.swift in Sources */,
				91B3EB4D2301296E00430D41 /* AppDelegate.swift in Sources */,
				91F4EB162336038D005C9EED /* UIColor+Extension.swift in Sources */,
				91B5A97F23658BCD0030909D /* BusStopModel.swift in Sources */,
				914D4A7C23370A7F00065648 /* SettingBasePointActionCellDelegate.swift in Sources */,
				918CC478232F91D00047BC88 /* ColorDefinition.swift in Sources */,
				91E439222352FE9400A3B936 /* RestaurantSpotEntity.swift in Sources */,
				91E4392A2361DFE500A3B936 /* RestaurantSpotsModel.swift in Sources */,
				915A44A5232E2063006A6891 /* SearchHistoryEntity.swift in Sources */,
				915511D323463458004F820D /* SearchInterestPlaceModel.swift in Sources */,
				91BDCB942324B25600E4B5C4 /* SettingBasePointsModel.swift in Sources */,
				915A44AE232E530E006A6891 /* SearchHistoryAccessor.swift in Sources */,
				915511D52347815B004F820D /* SearchInterestPlacePresenter.swift in Sources */,
				914D4A8B23388F8500065648 /* Notification+Extension.swift in Sources */,
				91A4110E2331BCC000AF7897 /* CustomFloatingPanelLayout.swift in Sources */,
				91E439242355FB9700A3B936 /* BusStopEntity.swift in Sources */,
			);
			runOnlyForDeploymentPostprocessing = 0;
		};
/* End PBXSourcesBuildPhase section */

/* Begin PBXTargetDependency section */
		9197D64B2325395B00A5C558 /* PBXTargetDependency */ = {
			isa = PBXTargetDependency;
			target = 91B3EB482301296E00430D41 /* PinMusubi */;
			targetProxy = 9197D64A2325395B00A5C558 /* PBXContainerItemProxy */;
		};
		9197D6592325396900A5C558 /* PBXTargetDependency */ = {
			isa = PBXTargetDependency;
			target = 91B3EB482301296E00430D41 /* PinMusubi */;
			targetProxy = 9197D6582325396900A5C558 /* PBXContainerItemProxy */;
		};
/* End PBXTargetDependency section */

/* Begin PBXVariantGroup section */
		91B3EB502301296E00430D41 /* SearchInterestPlaceView.storyboard */ = {
			isa = PBXVariantGroup;
			children = (
				91B3EB512301296E00430D41 /* Base */,
			);
			name = SearchInterestPlaceView.storyboard;
			sourceTree = "<group>";
		};
		91B3EB552301296F00430D41 /* LaunchScreen.storyboard */ = {
			isa = PBXVariantGroup;
			children = (
				91B3EB562301296F00430D41 /* Base */,
			);
			name = LaunchScreen.storyboard;
			sourceTree = "<group>";
		};
/* End PBXVariantGroup section */

/* Begin XCBuildConfiguration section */
		9197D64D2325395B00A5C558 /* Debug */ = {
			isa = XCBuildConfiguration;
			baseConfigurationReference = 91AF02FE84A12FDA85793C7B /* Pods-PinMusubiUITests.debug.xcconfig */;
			buildSettings = {
				BUNDLE_LOADER = "$(BUILT_PRODUCTS_DIR)/PinMusubi.app/PinMusubi";
				CODE_SIGN_STYLE = Automatic;
				DEVELOPMENT_TEAM = NA4GG5YL9W;
				INFOPLIST_FILE = PinMusubiUITests/Info.plist;
				IPHONEOS_DEPLOYMENT_TARGET = 12.4;
				LD_RUNPATH_SEARCH_PATHS = (
					"$(inherited)",
					"@executable_path/Frameworks",
					"@loader_path/Frameworks",
				);
				MACH_O_TYPE = mh_bundle;
				PRODUCT_BUNDLE_IDENTIFIER = com.naipaka.PinMusubiUITests;
				PRODUCT_NAME = "$(TARGET_NAME)";
				SWIFT_VERSION = 5.0;
				TARGETED_DEVICE_FAMILY = "1,2";
				TEST_TARGET_NAME = PinMusubi;
			};
			name = Debug;
		};
		9197D64E2325395B00A5C558 /* Release */ = {
			isa = XCBuildConfiguration;
			baseConfigurationReference = 18EBDFE939DBCE16817C3F1D /* Pods-PinMusubiUITests.release.xcconfig */;
			buildSettings = {
				BUNDLE_LOADER = "$(BUILT_PRODUCTS_DIR)/PinMusubi.app/PinMusubi";
				CODE_SIGN_STYLE = Automatic;
				DEVELOPMENT_TEAM = NA4GG5YL9W;
				INFOPLIST_FILE = PinMusubiUITests/Info.plist;
				IPHONEOS_DEPLOYMENT_TARGET = 12.4;
				LD_RUNPATH_SEARCH_PATHS = (
					"$(inherited)",
					"@executable_path/Frameworks",
					"@loader_path/Frameworks",
				);
				MACH_O_TYPE = mh_bundle;
				PRODUCT_BUNDLE_IDENTIFIER = com.naipaka.PinMusubiUITests;
				PRODUCT_NAME = "$(TARGET_NAME)";
				SWIFT_VERSION = 5.0;
				TARGETED_DEVICE_FAMILY = "1,2";
				TEST_TARGET_NAME = PinMusubi;
			};
			name = Release;
		};
		9197D65B2325396900A5C558 /* Debug */ = {
			isa = XCBuildConfiguration;
			baseConfigurationReference = 18C269437F6D9E80752688A3 /* Pods-PinMusubiTests.debug.xcconfig */;
			buildSettings = {
				BUNDLE_LOADER = "$(BUILT_PRODUCTS_DIR)/PinMusubi.app/PinMusubi";
				CODE_SIGN_STYLE = Automatic;
				DEVELOPMENT_TEAM = NA4GG5YL9W;
				INFOPLIST_FILE = PinMusubiTests/Info.plist;
				IPHONEOS_DEPLOYMENT_TARGET = 12.4;
				LD_RUNPATH_SEARCH_PATHS = (
					"$(inherited)",
					"@executable_path/Frameworks",
					"@loader_path/Frameworks",
				);
				MACH_O_TYPE = mh_bundle;
				PRODUCT_BUNDLE_IDENTIFIER = com.naipaka.PinMusubiTests;
				PRODUCT_NAME = "$(TARGET_NAME)";
				SWIFT_VERSION = 5.0;
				TARGETED_DEVICE_FAMILY = "1,2";
				TEST_HOST = "$(BUILT_PRODUCTS_DIR)/PinMusubi.app/PinMusubi";
			};
			name = Debug;
		};
		9197D65C2325396900A5C558 /* Release */ = {
			isa = XCBuildConfiguration;
			baseConfigurationReference = 689FE771F63B6B8247656B37 /* Pods-PinMusubiTests.release.xcconfig */;
			buildSettings = {
				BUNDLE_LOADER = "$(BUILT_PRODUCTS_DIR)/PinMusubi.app/PinMusubi";
				CODE_SIGN_STYLE = Automatic;
				DEVELOPMENT_TEAM = NA4GG5YL9W;
				INFOPLIST_FILE = PinMusubiTests/Info.plist;
				IPHONEOS_DEPLOYMENT_TARGET = 12.4;
				LD_RUNPATH_SEARCH_PATHS = (
					"$(inherited)",
					"@executable_path/Frameworks",
					"@loader_path/Frameworks",
				);
				MACH_O_TYPE = mh_bundle;
				PRODUCT_BUNDLE_IDENTIFIER = com.naipaka.PinMusubiTests;
				PRODUCT_NAME = "$(TARGET_NAME)";
				SWIFT_VERSION = 5.0;
				TARGETED_DEVICE_FAMILY = "1,2";
				TEST_HOST = "$(BUILT_PRODUCTS_DIR)/PinMusubi.app/PinMusubi";
			};
			name = Release;
		};
		91B3EB592301296F00430D41 /* Debug */ = {
			isa = XCBuildConfiguration;
			buildSettings = {
				ALWAYS_SEARCH_USER_PATHS = NO;
				CLANG_ANALYZER_NONNULL = YES;
				CLANG_ANALYZER_NUMBER_OBJECT_CONVERSION = YES_AGGRESSIVE;
				CLANG_CXX_LANGUAGE_STANDARD = "gnu++14";
				CLANG_CXX_LIBRARY = "libc++";
				CLANG_ENABLE_MODULES = YES;
				CLANG_ENABLE_OBJC_ARC = YES;
				CLANG_ENABLE_OBJC_WEAK = YES;
				CLANG_WARN_BLOCK_CAPTURE_AUTORELEASING = YES;
				CLANG_WARN_BOOL_CONVERSION = YES;
				CLANG_WARN_COMMA = YES;
				CLANG_WARN_CONSTANT_CONVERSION = YES;
				CLANG_WARN_DEPRECATED_OBJC_IMPLEMENTATIONS = YES;
				CLANG_WARN_DIRECT_OBJC_ISA_USAGE = YES_ERROR;
				CLANG_WARN_DOCUMENTATION_COMMENTS = YES;
				CLANG_WARN_EMPTY_BODY = YES;
				CLANG_WARN_ENUM_CONVERSION = YES;
				CLANG_WARN_INFINITE_RECURSION = YES;
				CLANG_WARN_INT_CONVERSION = YES;
				CLANG_WARN_NON_LITERAL_NULL_CONVERSION = YES;
				CLANG_WARN_OBJC_IMPLICIT_RETAIN_SELF = YES;
				CLANG_WARN_OBJC_LITERAL_CONVERSION = YES;
				CLANG_WARN_OBJC_ROOT_CLASS = YES_ERROR;
				CLANG_WARN_RANGE_LOOP_ANALYSIS = YES;
				CLANG_WARN_STRICT_PROTOTYPES = YES;
				CLANG_WARN_SUSPICIOUS_MOVE = YES;
				CLANG_WARN_UNGUARDED_AVAILABILITY = YES_AGGRESSIVE;
				CLANG_WARN_UNREACHABLE_CODE = YES;
				CLANG_WARN__DUPLICATE_METHOD_MATCH = YES;
				CODE_SIGN_IDENTITY = "iPhone Developer";
				COPY_PHASE_STRIP = NO;
				DEBUG_INFORMATION_FORMAT = dwarf;
				ENABLE_STRICT_OBJC_MSGSEND = YES;
				ENABLE_TESTABILITY = YES;
				GCC_C_LANGUAGE_STANDARD = gnu11;
				GCC_DYNAMIC_NO_PIC = NO;
				GCC_NO_COMMON_BLOCKS = YES;
				GCC_OPTIMIZATION_LEVEL = 0;
				GCC_PREPROCESSOR_DEFINITIONS = (
					"DEBUG=1",
					"$(inherited)",
				);
				GCC_WARN_64_TO_32_BIT_CONVERSION = YES;
				GCC_WARN_ABOUT_RETURN_TYPE = YES_ERROR;
				GCC_WARN_UNDECLARED_SELECTOR = YES;
				GCC_WARN_UNINITIALIZED_AUTOS = YES_AGGRESSIVE;
				GCC_WARN_UNUSED_FUNCTION = YES;
				GCC_WARN_UNUSED_VARIABLE = YES;
				IPHONEOS_DEPLOYMENT_TARGET = 11.0;
				MTL_ENABLE_DEBUG_INFO = INCLUDE_SOURCE;
				MTL_FAST_MATH = YES;
				ONLY_ACTIVE_ARCH = YES;
				SDKROOT = iphoneos;
				SWIFT_ACTIVE_COMPILATION_CONDITIONS = DEBUG;
				SWIFT_OPTIMIZATION_LEVEL = "-Onone";
				SWIFT_VERSION = "";
			};
			name = Debug;
		};
		91B3EB5A2301296F00430D41 /* Release */ = {
			isa = XCBuildConfiguration;
			buildSettings = {
				ALWAYS_SEARCH_USER_PATHS = NO;
				CLANG_ANALYZER_NONNULL = YES;
				CLANG_ANALYZER_NUMBER_OBJECT_CONVERSION = YES_AGGRESSIVE;
				CLANG_CXX_LANGUAGE_STANDARD = "gnu++14";
				CLANG_CXX_LIBRARY = "libc++";
				CLANG_ENABLE_MODULES = YES;
				CLANG_ENABLE_OBJC_ARC = YES;
				CLANG_ENABLE_OBJC_WEAK = YES;
				CLANG_WARN_BLOCK_CAPTURE_AUTORELEASING = YES;
				CLANG_WARN_BOOL_CONVERSION = YES;
				CLANG_WARN_COMMA = YES;
				CLANG_WARN_CONSTANT_CONVERSION = YES;
				CLANG_WARN_DEPRECATED_OBJC_IMPLEMENTATIONS = YES;
				CLANG_WARN_DIRECT_OBJC_ISA_USAGE = YES_ERROR;
				CLANG_WARN_DOCUMENTATION_COMMENTS = YES;
				CLANG_WARN_EMPTY_BODY = YES;
				CLANG_WARN_ENUM_CONVERSION = YES;
				CLANG_WARN_INFINITE_RECURSION = YES;
				CLANG_WARN_INT_CONVERSION = YES;
				CLANG_WARN_NON_LITERAL_NULL_CONVERSION = YES;
				CLANG_WARN_OBJC_IMPLICIT_RETAIN_SELF = YES;
				CLANG_WARN_OBJC_LITERAL_CONVERSION = YES;
				CLANG_WARN_OBJC_ROOT_CLASS = YES_ERROR;
				CLANG_WARN_RANGE_LOOP_ANALYSIS = YES;
				CLANG_WARN_STRICT_PROTOTYPES = YES;
				CLANG_WARN_SUSPICIOUS_MOVE = YES;
				CLANG_WARN_UNGUARDED_AVAILABILITY = YES_AGGRESSIVE;
				CLANG_WARN_UNREACHABLE_CODE = YES;
				CLANG_WARN__DUPLICATE_METHOD_MATCH = YES;
				CODE_SIGN_IDENTITY = "iPhone Developer";
				COPY_PHASE_STRIP = NO;
				DEBUG_INFORMATION_FORMAT = "dwarf-with-dsym";
				ENABLE_NS_ASSERTIONS = NO;
				ENABLE_STRICT_OBJC_MSGSEND = YES;
				GCC_C_LANGUAGE_STANDARD = gnu11;
				GCC_NO_COMMON_BLOCKS = YES;
				GCC_WARN_64_TO_32_BIT_CONVERSION = YES;
				GCC_WARN_ABOUT_RETURN_TYPE = YES_ERROR;
				GCC_WARN_UNDECLARED_SELECTOR = YES;
				GCC_WARN_UNINITIALIZED_AUTOS = YES_AGGRESSIVE;
				GCC_WARN_UNUSED_FUNCTION = YES;
				GCC_WARN_UNUSED_VARIABLE = YES;
				IPHONEOS_DEPLOYMENT_TARGET = 11.0;
				MTL_ENABLE_DEBUG_INFO = NO;
				MTL_FAST_MATH = YES;
				ONLY_ACTIVE_ARCH = YES;
				SDKROOT = iphoneos;
				SWIFT_COMPILATION_MODE = wholemodule;
				SWIFT_OPTIMIZATION_LEVEL = "-O";
				SWIFT_VERSION = "";
				VALIDATE_PRODUCT = YES;
			};
			name = Release;
		};
		91B3EB5C2301296F00430D41 /* Debug */ = {
			isa = XCBuildConfiguration;
			baseConfigurationReference = 658A997F3B3618C798D7BE94 /* Pods-PinMusubi.debug.xcconfig */;
			buildSettings = {
				ASSETCATALOG_COMPILER_APPICON_NAME = AppIcon;
				CODE_SIGN_IDENTITY = "Apple Development";
				CODE_SIGN_STYLE = Automatic;
				DEVELOPMENT_TEAM = NA4GG5YL9W;
				GCC_SYMBOLS_PRIVATE_EXTERN = YES;
				INFOPLIST_FILE = "$(SRCROOT)/PinMusubi/Resouce/Info.plist";
				IPHONEOS_DEPLOYMENT_TARGET = 11.0;
				LD_RUNPATH_SEARCH_PATHS = (
					"$(inherited)",
					"@executable_path/Frameworks",
				);
				PRODUCT_BUNDLE_IDENTIFIER = com.naipaka.PinMusubiApp;
				PRODUCT_NAME = "$(TARGET_NAME)";
				PROVISIONING_PROFILE_SPECIFIER = "";
				SWIFT_VERSION = 5.0;
				TARGETED_DEVICE_FAMILY = "1,2";
			};
			name = Debug;
		};
		91B3EB5D2301296F00430D41 /* Release */ = {
			isa = XCBuildConfiguration;
			baseConfigurationReference = 3E08172F3AAD4FD73D4643F1 /* Pods-PinMusubi.release.xcconfig */;
			buildSettings = {
				ASSETCATALOG_COMPILER_APPICON_NAME = AppIcon;
				CODE_SIGN_IDENTITY = "iPhone Distribution";
				CODE_SIGN_STYLE = Manual;
				DEVELOPMENT_TEAM = NA4GG5YL9W;
				GCC_SYMBOLS_PRIVATE_EXTERN = YES;
				INFOPLIST_FILE = "$(SRCROOT)/PinMusubi/Resouce/Info.plist";
				IPHONEOS_DEPLOYMENT_TARGET = 11.0;
				LD_RUNPATH_SEARCH_PATHS = (
					"$(inherited)",
					"@executable_path/Frameworks",
				);
				PRODUCT_BUNDLE_IDENTIFIER = com.naipaka.PinMusubiApp;
				PRODUCT_NAME = "$(TARGET_NAME)";
				PROVISIONING_PROFILE_SPECIFIER = PinMusubi;
				SWIFT_VERSION = 5.0;
				TARGETED_DEVICE_FAMILY = "1,2";
			};
			name = Release;
		};
/* End XCBuildConfiguration section */

/* Begin XCConfigurationList section */
		9197D64C2325395B00A5C558 /* Build configuration list for PBXNativeTarget "PinMusubiUITests" */ = {
			isa = XCConfigurationList;
			buildConfigurations = (
				9197D64D2325395B00A5C558 /* Debug */,
				9197D64E2325395B00A5C558 /* Release */,
			);
			defaultConfigurationIsVisible = 0;
			defaultConfigurationName = Release;
		};
		9197D65A2325396900A5C558 /* Build configuration list for PBXNativeTarget "PinMusubiTests" */ = {
			isa = XCConfigurationList;
			buildConfigurations = (
				9197D65B2325396900A5C558 /* Debug */,
				9197D65C2325396900A5C558 /* Release */,
			);
			defaultConfigurationIsVisible = 0;
			defaultConfigurationName = Release;
		};
		91B3EB442301296E00430D41 /* Build configuration list for PBXProject "PinMusubi" */ = {
			isa = XCConfigurationList;
			buildConfigurations = (
				91B3EB592301296F00430D41 /* Debug */,
				91B3EB5A2301296F00430D41 /* Release */,
			);
			defaultConfigurationIsVisible = 0;
			defaultConfigurationName = Release;
		};
		91B3EB5B2301296F00430D41 /* Build configuration list for PBXNativeTarget "PinMusubi" */ = {
			isa = XCConfigurationList;
			buildConfigurations = (
				91B3EB5C2301296F00430D41 /* Debug */,
				91B3EB5D2301296F00430D41 /* Release */,
			);
			defaultConfigurationIsVisible = 0;
			defaultConfigurationName = Release;
		};
/* End XCConfigurationList section */
	};
	rootObject = 91B3EB412301296E00430D41 /* Project object */;
}
